
Microsoft Visual Studio Solution File, Format Version 12.00
# Visual Studio Version 16
VisualStudioVersion = 16.0.31624.102
MinimumVisualStudioVersion = 10.0.40219.1
Project("{FAE04EC0-301F-11D3-BF4B-00C04F79EFBC}") = "Notebooks", "Notebooks.csproj", "{9E057A50-464D-48BD-8255-79A74BA05D6E}"
EndProject
Global
	GlobalSection(SolutionConfigurationPlatforms) = preSolution
		Debug|Any CPU = Debug|Any CPU
		Release|Any CPU = Release|Any CPU
	EndGlobalSection
	GlobalSection(ProjectConfigurationPlatforms) = postSolution
		{9E057A50-464D-48BD-8255-79A74BA05D6E}.Debug|Any CPU.ActiveCfg = Debug|Any CPU
		{9E057A50-464D-48BD-8255-79A74BA05D6E}.Debug|Any CPU.Build.0 = Debug|Any CPU
		{9E057A50-464D-48BD-8255-79A74BA05D6E}.Release|Any CPU.ActiveCfg = Release|Any CPU
		{9E057A50-464D-48BD-8255-79A74BA05D6E}.Release|Any CPU.Build.0 = Release|Any CPU
	EndGlobalSection
	GlobalSection(SolutionProperties) = preSolution
		HideSolutionNode = FALSE
	EndGlobalSection
	GlobalSection(ExtensibilityGlobals) = postSolution
		SolutionGuid = {6BADA9C8-6AA5-4539-97E3-991A110D4058}
	EndGlobalSection
EndGlobal
